
Microsoft Visual Studio Solution File, Format Version 12.00
# Visual Studio Version 16
VisualStudioVersion = 16.0.28803.156
MinimumVisualStudioVersion = 10.0.40219.1
Project("{9A19103F-16F7-4668-BE54-9A1E7A4F7556}") = "TargetScheduler.Service", "TargetScheduler.Service\TargetScheduler.Service.csproj", "{ADBF55C8-1A53-4115-924C-9C093775750F}"
EndProject
Project("{9A19103F-16F7-4668-BE54-9A1E7A4F7556}") = "TargetScheduler.DataAccess", "TargetScheduler.DataAccess\TargetScheduler.DataAccess.csproj", "{D148B5DB-51F7-4F52-B7FB-ABD69FBCC856}"
EndProject
Project("{FAE04EC0-301F-11D3-BF4B-00C04F79EFBC}") = "TargetScheduler.UserInterface", "TargetScheduler.UserInterface\TargetScheduler.UserInterface.csproj", "{AAB43948-726E-4695-A2CA-708C06AF4A86}"
EndProject
Global
	GlobalSection(SolutionConfigurationPlatforms) = preSolution
		Debug|Any CPU = Debug|Any CPU
		Release|Any CPU = Release|Any CPU
	EndGlobalSection
	GlobalSection(ProjectConfigurationPlatforms) = postSolution
		{ADBF55C8-1A53-4115-924C-9C093775750F}.Debug|Any CPU.ActiveCfg = Debug|Any CPU
		{ADBF55C8-1A53-4115-924C-9C093775750F}.Debug|Any CPU.Build.0 = Debug|Any CPU
		{ADBF55C8-1A53-4115-924C-9C093775750F}.Release|Any CPU.ActiveCfg = Release|Any CPU
		{ADBF55C8-1A53-4115-924C-9C093775750F}.Release|Any CPU.Build.0 = Release|Any CPU
		{D148B5DB-51F7-4F52-B7FB-ABD69FBCC856}.Debug|Any CPU.ActiveCfg = Debug|Any CPU
		{D148B5DB-51F7-4F52-B7FB-ABD69FBCC856}.Debug|Any CPU.Build.0 = Debug|Any CPU
		{D148B5DB-51F7-4F52-B7FB-ABD69FBCC856}.Release|Any CPU.ActiveCfg = Release|Any CPU
		{D148B5DB-51F7-4F52-B7FB-ABD69FBCC856}.Release|Any CPU.Build.0 = Release|Any CPU
		{AAB43948-726E-4695-A2CA-708C06AF4A86}.Debug|Any CPU.ActiveCfg = Debug|Any CPU
		{AAB43948-726E-4695-A2CA-708C06AF4A86}.Debug|Any CPU.Build.0 = Debug|Any CPU
		{AAB43948-726E-4695-A2CA-708C06AF4A86}.Release|Any CPU.ActiveCfg = Release|Any CPU
		{AAB43948-726E-4695-A2CA-708C06AF4A86}.Release|Any CPU.Build.0 = Release|Any CPU
	EndGlobalSection
	GlobalSection(SolutionProperties) = preSolution
		HideSolutionNode = FALSE
	EndGlobalSection
	GlobalSection(ExtensibilityGlobals) = postSolution
		SolutionGuid = {14192E6F-B997-4A85-AE69-B32E1F49001D}
	EndGlobalSection
EndGlobal
